
Microsoft Visual Studio Solution File, Format Version 12.00
# Visual Studio 15
VisualStudioVersion = 15.0.28307.106
MinimumVisualStudioVersion = 10.0.40219.1
Project("{FAE04EC0-301F-11D3-BF4B-00C04F79EFBC}") = "SGS.Android", "SGS\SGS.Android\SGS.Android.csproj", "{80B7F4E9-90E9-431B-91E7-3EDFEE71B758}"
EndProject
Project("{FAE04EC0-301F-11D3-BF4B-00C04F79EFBC}") = "SGS.iOS", "SGS\SGS.iOS\SGS.iOS.csproj", "{A28054F9-C665-4474-B1BF-158F000D47B0}"
EndProject
Project("{FAE04EC0-301F-11D3-BF4B-00C04F79EFBC}") = "SGS.UWP", "SGS\SGS.UWP\SGS.UWP.csproj", "{E063A0F0-F04F-4342-ADBF-41BD3497DB57}"
EndProject
Project("{FAE04EC0-301F-11D3-BF4B-00C04F79EFBC}") = "SGS", "SGS\SGS\SGS.csproj", "{9AC04A71-F2D6-422C-9253-B6889558F42B}"
EndProject
Global
	GlobalSection(SolutionConfigurationPlatforms) = preSolution
		Ad-Hoc|Any CPU = Ad-Hoc|Any CPU
		Ad-Hoc|ARM = Ad-Hoc|ARM
		Ad-Hoc|iPhone = Ad-Hoc|iPhone
		Ad-Hoc|iPhoneSimulator = Ad-Hoc|iPhoneSimulator
		Ad-Hoc|x64 = Ad-Hoc|x64
		Ad-Hoc|x86 = Ad-Hoc|x86
		AppStore|Any CPU = AppStore|Any CPU
		AppStore|ARM = AppStore|ARM
		AppStore|iPhone = AppStore|iPhone
		AppStore|iPhoneSimulator = AppStore|iPhoneSimulator
		AppStore|x64 = AppStore|x64
		AppStore|x86 = AppStore|x86
		Debug|Any CPU = Debug|Any CPU
		Debug|ARM = Debug|ARM
		Debug|iPhone = Debug|iPhone
		Debug|iPhoneSimulator = Debug|iPhoneSimulator
		Debug|x64 = Debug|x64
		Debug|x86 = Debug|x86
		Release|Any CPU = Release|Any CPU
		Release|ARM = Release|ARM
		Release|iPhone = Release|iPhone
		Release|iPhoneSimulator = Release|iPhoneSimulator
		Release|x64 = Release|x64
		Release|x86 = Release|x86
	EndGlobalSection
	GlobalSection(ProjectConfigurationPlatforms) = postSolution
		{80B7F4E9-90E9-431B-91E7-3EDFEE71B758}.Ad-Hoc|Any CPU.ActiveCfg = Release|Any CPU
		{80B7F4E9-90E9-431B-91E7-3EDFEE71B758}.Ad-Hoc|Any CPU.Build.0 = Release|Any CPU
		{80B7F4E9-90E9-431B-91E7-3EDFEE71B758}.Ad-Hoc|Any CPU.Deploy.0 = Release|Any CPU
		{80B7F4E9-90E9-431B-91E7-3EDFEE71B758}.Ad-Hoc|ARM.ActiveCfg = Release|Any CPU
		{80B7F4E9-90E9-431B-91E7-3EDFEE71B758}.Ad-Hoc|ARM.Build.0 = Release|Any CPU
		{80B7F4E9-90E9-431B-91E7-3EDFEE71B758}.Ad-Hoc|ARM.Deploy.0 = Release|Any CPU
		{80B7F4E9-90E9-431B-91E7-3EDFEE71B758}.Ad-Hoc|iPhone.ActiveCfg = Release|Any CPU
		{80B7F4E9-90E9-431B-91E7-3EDFEE71B758}.Ad-Hoc|iPhone.Build.0 = Release|Any CPU
		{80B7F4E9-90E9-431B-91E7-3EDFEE71B758}.Ad-Hoc|iPhone.Deploy.0 = Release|Any CPU
		{80B7F4E9-90E9-431B-91E7-3EDFEE71B758}.Ad-Hoc|iPhoneSimulator.ActiveCfg = Release|Any CPU
		{80B7F4E9-90E9-431B-91E7-3EDFEE71B758}.Ad-Hoc|iPhoneSimulator.Build.0 = Release|Any CPU
		{80B7F4E9-90E9-431B-91E7-3EDFEE71B758}.Ad-Hoc|iPhoneSimulator.Deploy.0 = Release|Any CPU
		{80B7F4E9-90E9-431B-91E7-3EDFEE71B758}.Ad-Hoc|x64.ActiveCfg = Release|Any CPU
		{80B7F4E9-90E9-431B-91E7-3EDFEE71B758}.Ad-Hoc|x64.Build.0 = Release|Any CPU
		{80B7F4E9-90E9-431B-91E7-3EDFEE71B758}.Ad-Hoc|x64.Deploy.0 = Release|Any CPU
		{80B7F4E9-90E9-431B-91E7-3EDFEE71B758}.Ad-Hoc|x86.ActiveCfg = Release|Any CPU
		{80B7F4E9-90E9-431B-91E7-3EDFEE71B758}.Ad-Hoc|x86.Build.0 = Release|Any CPU
		{80B7F4E9-90E9-431B-91E7-3EDFEE71B758}.Ad-Hoc|x86.Deploy.0 = Release|Any CPU
		{80B7F4E9-90E9-431B-91E7-3EDFEE71B758}.AppStore|Any CPU.ActiveCfg = Release|Any CPU
		{80B7F4E9-90E9-431B-91E7-3EDFEE71B758}.AppStore|Any CPU.Build.0 = Release|Any CPU
		{80B7F4E9-90E9-431B-91E7-3EDFEE71B758}.AppStore|Any CPU.Deploy.0 = Release|Any CPU
		{80B7F4E9-90E9-431B-91E7-3EDFEE71B758}.AppStore|ARM.ActiveCfg = Release|Any CPU
		{80B7F4E9-90E9-431B-91E7-3EDFEE71B758}.AppStore|ARM.Build.0 = Release|Any CPU
		{80B7F4E9-90E9-431B-91E7-3EDFEE71B758}.AppStore|ARM.Deploy.0 = Release|Any CPU
		{80B7F4E9-90E9-431B-91E7-3EDFEE71B758}.AppStore|iPhone.ActiveCfg = Release|Any CPU
		{80B7F4E9-90E9-431B-91E7-3EDFEE71B758}.AppStore|iPhone.Build.0 = Release|Any CPU
		{80B7F4E9-90E9-431B-91E7-3EDFEE71B758}.AppStore|iPhone.Deploy.0 = Release|Any CPU
		{80B7F4E9-90E9-431B-91E7-3EDFEE71B758}.AppStore|iPhoneSimulator.ActiveCfg = Release|Any CPU
		{80B7F4E9-90E9-431B-91E7-3EDFEE71B758}.AppStore|iPhoneSimulator.Build.0 = Release|Any CPU
		{80B7F4E9-90E9-431B-91E7-3EDFEE71B758}.AppStore|iPhoneSimulator.Deploy.0 = Release|Any CPU
		{80B7F4E9-90E9-431B-91E7-3EDFEE71B758}.AppStore|x64.ActiveCfg = Release|Any CPU
		{80B7F4E9-90E9-431B-91E7-3EDFEE71B758}.AppStore|x64.Build.0 = Release|Any CPU
		{80B7F4E9-90E9-431B-91E7-3EDFEE71B758}.AppStore|x64.Deploy.0 = Release|Any CPU
		{80B7F4E9-90E9-431B-91E7-3EDFEE71B758}.AppStore|x86.ActiveCfg = Release|Any CPU
		{80B7F4E9-90E9-431B-91E7-3EDFEE71B758}.AppStore|x86.Build.0 = Release|Any CPU
		{80B7F4E9-90E9-431B-91E7-3EDFEE71B758}.AppStore|x86.Deploy.0 = Release|Any CPU
		{80B7F4E9-90E9-431B-91E7-3EDFEE71B758}.Debug|Any CPU.ActiveCfg = Debug|Any CPU
		{80B7F4E9-90E9-431B-91E7-3EDFEE71B758}.Debug|Any CPU.Build.0 = Debug|Any CPU
		{80B7F4E9-90E9-431B-91E7-3EDFEE71B758}.Debug|Any CPU.Deploy.0 = Debug|Any CPU
		{80B7F4E9-90E9-431B-91E7-3EDFEE71B758}.Debug|ARM.ActiveCfg = Debug|Any CPU
		{80B7F4E9-90E9-431B-91E7-3EDFEE71B758}.Debug|ARM.Build.0 = Debug|Any CPU
		{80B7F4E9-90E9-431B-91E7-3EDFEE71B758}.Debug|ARM.Deploy.0 = Debug|Any CPU
		{80B7F4E9-90E9-431B-91E7-3EDFEE71B758}.Debug|iPhone.ActiveCfg = Debug|Any CPU
		{80B7F4E9-90E9-431B-91E7-3EDFEE71B758}.Debug|iPhone.Build.0 = Debug|Any CPU
		{80B7F4E9-90E9-431B-91E7-3EDFEE71B758}.Debug|iPhone.Deploy.0 = Debug|Any CPU
		{80B7F4E9-90E9-431B-91E7-3EDFEE71B758}.Debug|iPhoneSimulator.ActiveCfg = Debug|Any CPU
		{80B7F4E9-90E9-431B-91E7-3EDFEE71B758}.Debug|iPhoneSimulator.Build.0 = Debug|Any CPU
		{80B7F4E9-90E9-431B-91E7-3EDFEE71B758}.Debug|iPhoneSimulator.Deploy.0 = Debug|Any CPU
		{80B7F4E9-90E9-431B-91E7-3EDFEE71B758}.Debug|x64.ActiveCfg = Debug|Any CPU
		{80B7F4E9-90E9-431B-91E7-3EDFEE71B758}.Debug|x64.Build.0 = Debug|Any CPU
		{80B7F4E9-90E9-431B-91E7-3EDFEE71B758}.Debug|x64.Deploy.0 = Debug|Any CPU
		{80B7F4E9-90E9-431B-91E7-3EDFEE71B758}.Debug|x86.ActiveCfg = Debug|Any CPU
		{80B7F4E9-90E9-431B-91E7-3EDFEE71B758}.Debug|x86.Build.0 = Debug|Any CPU
		{80B7F4E9-90E9-431B-91E7-3EDFEE71B758}.Debug|x86.Deploy.0 = Debug|Any CPU
		{80B7F4E9-90E9-431B-91E7-3EDFEE71B758}.Release|Any CPU.ActiveCfg = Release|Any CPU
		{80B7F4E9-90E9-431B-91E7-3EDFEE71B758}.Release|Any CPU.Build.0 = Release|Any CPU
		{80B7F4E9-90E9-431B-91E7-3EDFEE71B758}.Release|Any CPU.Deploy.0 = Release|Any CPU
		{80B7F4E9-90E9-431B-91E7-3EDFEE71B758}.Release|ARM.ActiveCfg = Release|Any CPU
		{80B7F4E9-90E9-431B-91E7-3EDFEE71B758}.Release|ARM.Build.0 = Release|Any CPU
		{80B7F4E9-90E9-431B-91E7-3EDFEE71B758}.Release|ARM.Deploy.0 = Release|Any CPU
		{80B7F4E9-90E9-431B-91E7-3EDFEE71B758}.Release|iPhone.ActiveCfg = Release|Any CPU
		{80B7F4E9-90E9-431B-91E7-3EDFEE71B758}.Release|iPhone.Build.0 = Release|Any CPU
		{80B7F4E9-90E9-431B-91E7-3EDFEE71B758}.Release|iPhone.Deploy.0 = Release|Any CPU
		{80B7F4E9-90E9-431B-91E7-3EDFEE71B758}.Release|iPhoneSimulator.ActiveCfg = Release|Any CPU
		{80B7F4E9-90E9-431B-91E7-3EDFEE71B758}.Release|iPhoneSimulator.Build.0 = Release|Any CPU
		{80B7F4E9-90E9-431B-91E7-3EDFEE71B758}.Release|iPhoneSimulator.Deploy.0 = Release|Any CPU
		{80B7F4E9-90E9-431B-91E7-3EDFEE71B758}.Release|x64.ActiveCfg = Release|Any CPU
		{80B7F4E9-90E9-431B-91E7-3EDFEE71B758}.Release|x64.Build.0 = Release|Any CPU
		{80B7F4E9-90E9-431B-91E7-3EDFEE71B758}.Release|x64.Deploy.0 = Release|Any CPU
		{80B7F4E9-90E9-431B-91E7-3EDFEE71B758}.Release|x86.ActiveCfg = Release|Any CPU
		{80B7F4E9-90E9-431B-91E7-3EDFEE71B758}.Release|x86.Build.0 = Release|Any CPU
		{80B7F4E9-90E9-431B-91E7-3EDFEE71B758}.Release|x86.Deploy.0 = Release|Any CPU
		{A28054F9-C665-4474-B1BF-158F000D47B0}.Ad-Hoc|Any CPU.ActiveCfg = Ad-Hoc|iPhone
		{A28054F9-C665-4474-B1BF-158F000D47B0}.Ad-Hoc|Any CPU.Build.0 = Ad-Hoc|iPhone
		{A28054F9-C665-4474-B1BF-158F000D47B0}.Ad-Hoc|Any CPU.Deploy.0 = Ad-Hoc|iPhone
		{A28054F9-C665-4474-B1BF-158F000D47B0}.Ad-Hoc|ARM.ActiveCfg = Ad-Hoc|iPhone
		{A28054F9-C665-4474-B1BF-158F000D47B0}.Ad-Hoc|ARM.Build.0 = Ad-Hoc|iPhone
		{A28054F9-C665-4474-B1BF-158F000D47B0}.Ad-Hoc|ARM.Deploy.0 = Ad-Hoc|iPhone
		{A28054F9-C665-4474-B1BF-158F000D47B0}.Ad-Hoc|iPhone.ActiveCfg = Ad-Hoc|iPhone
		{A28054F9-C665-4474-B1BF-158F000D47B0}.Ad-Hoc|iPhone.Build.0 = Ad-Hoc|iPhone
		{A28054F9-C665-4474-B1BF-158F000D47B0}.Ad-Hoc|iPhone.Deploy.0 = Ad-Hoc|iPhone
		{A28054F9-C665-4474-B1BF-158F000D47B0}.Ad-Hoc|iPhoneSimulator.ActiveCfg = Ad-Hoc|iPhoneSimulator
		{A28054F9-C665-4474-B1BF-158F000D47B0}.Ad-Hoc|iPhoneSimulator.Build.0 = Ad-Hoc|iPhoneSimulator
		{A28054F9-C665-4474-B1BF-158F000D47B0}.Ad-Hoc|iPhoneSimulator.Deploy.0 = Ad-Hoc|iPhoneSimulator
		{A28054F9-C665-4474-B1BF-158F000D47B0}.Ad-Hoc|x64.ActiveCfg = Ad-Hoc|iPhone
		{A28054F9-C665-4474-B1BF-158F000D47B0}.Ad-Hoc|x64.Build.0 = Ad-Hoc|iPhone
		{A28054F9-C665-4474-B1BF-158F000D47B0}.Ad-Hoc|x64.Deploy.0 = Ad-Hoc|iPhone
		{A28054F9-C665-4474-B1BF-158F000D47B0}.Ad-Hoc|x86.ActiveCfg = Ad-Hoc|iPhone
		{A28054F9-C665-4474-B1BF-158F000D47B0}.Ad-Hoc|x86.Build.0 = Ad-Hoc|iPhone
		{A28054F9-C665-4474-B1BF-158F000D47B0}.Ad-Hoc|x86.Deploy.0 = Ad-Hoc|iPhone
		{A28054F9-C665-4474-B1BF-158F000D47B0}.AppStore|Any CPU.ActiveCfg = AppStore|iPhone
		{A28054F9-C665-4474-B1BF-158F000D47B0}.AppStore|Any CPU.Build.0 = AppStore|iPhone
		{A28054F9-C665-4474-B1BF-158F000D47B0}.AppStore|Any CPU.Deploy.0 = AppStore|iPhone
		{A28054F9-C665-4474-B1BF-158F000D47B0}.AppStore|ARM.ActiveCfg = AppStore|iPhone
		{A28054F9-C665-4474-B1BF-158F000D47B0}.AppStore|ARM.Build.0 = AppStore|iPhone
		{A28054F9-C665-4474-B1BF-158F000D47B0}.AppStore|ARM.Deploy.0 = AppStore|iPhone
		{A28054F9-C665-4474-B1BF-158F000D47B0}.AppStore|iPhone.ActiveCfg = AppStore|iPhone
		{A28054F9-C665-4474-B1BF-158F000D47B0}.AppStore|iPhone.Build.0 = AppStore|iPhone
		{A28054F9-C665-4474-B1BF-158F000D47B0}.AppStore|iPhone.Deploy.0 = AppStore|iPhone
		{A28054F9-C665-4474-B1BF-158F000D47B0}.AppStore|iPhoneSimulator.ActiveCfg = AppStore|iPhoneSimulator
		{A28054F9-C665-4474-B1BF-158F000D47B0}.AppStore|iPhoneSimulator.Build.0 = AppStore|iPhoneSimulator
		{A28054F9-C665-4474-B1BF-158F000D47B0}.AppStore|iPhoneSimulator.Deploy.0 = AppStore|iPhoneSimulator
		{A28054F9-C665-4474-B1BF-158F000D47B0}.AppStore|x64.ActiveCfg = AppStore|iPhone
		{A28054F9-C665-4474-B1BF-158F000D47B0}.AppStore|x64.Build.0 = AppStore|iPhone
		{A28054F9-C665-4474-B1BF-158F000D47B0}.AppStore|x64.Deploy.0 = AppStore|iPhone
		{A28054F9-C665-4474-B1BF-158F000D47B0}.AppStore|x86.ActiveCfg = AppStore|iPhone
		{A28054F9-C665-4474-B1BF-158F000D47B0}.AppStore|x86.Build.0 = AppStore|iPhone
		{A28054F9-C665-4474-B1BF-158F000D47B0}.AppStore|x86.Deploy.0 = AppStore|iPhone
		{A28054F9-C665-4474-B1BF-158F000D47B0}.Debug|Any CPU.ActiveCfg = Debug|iPhoneSimulator
		{A28054F9-C665-4474-B1BF-158F000D47B0}.Debug|Any CPU.Build.0 = Debug|iPhoneSimulator
		{A28054F9-C665-4474-B1BF-158F000D47B0}.Debug|Any CPU.Deploy.0 = Debug|iPhoneSimulator
		{A28054F9-C665-4474-B1BF-158F000D47B0}.Debug|ARM.ActiveCfg = Debug|iPhone
		{A28054F9-C665-4474-B1BF-158F000D47B0}.Debug|ARM.Build.0 = Debug|iPhone
		{A28054F9-C665-4474-B1BF-158F000D47B0}.Debug|ARM.Deploy.0 = Debug|iPhone
		{A28054F9-C665-4474-B1BF-158F000D47B0}.Debug|iPhone.ActiveCfg = Debug|iPhone
		{A28054F9-C665-4474-B1BF-158F000D47B0}.Debug|iPhone.Build.0 = Debug|iPhone
		{A28054F9-C665-4474-B1BF-158F000D47B0}.Debug|iPhone.Deploy.0 = Debug|iPhone
		{A28054F9-C665-4474-B1BF-158F000D47B0}.Debug|iPhoneSimulator.ActiveCfg = Debug|iPhoneSimulator
		{A28054F9-C665-4474-B1BF-158F000D47B0}.Debug|iPhoneSimulator.Build.0 = Debug|iPhoneSimulator
		{A28054F9-C665-4474-B1BF-158F000D47B0}.Debug|iPhoneSimulator.Deploy.0 = Debug|iPhoneSimulator
		{A28054F9-C665-4474-B1BF-158F000D47B0}.Debug|x64.ActiveCfg = Debug|iPhone
		{A28054F9-C665-4474-B1BF-158F000D47B0}.Debug|x64.Build.0 = Debug|iPhone
		{A28054F9-C665-4474-B1BF-158F000D47B0}.Debug|x64.Deploy.0 = Debug|iPhone
		{A28054F9-C665-4474-B1BF-158F000D47B0}.Debug|x86.ActiveCfg = Debug|iPhone
		{A28054F9-C665-4474-B1BF-158F000D47B0}.Debug|x86.Build.0 = Debug|iPhone
		{A28054F9-C665-4474-B1BF-158F000D47B0}.Debug|x86.Deploy.0 = Debug|iPhone
		{A28054F9-C665-4474-B1BF-158F000D47B0}.Release|Any CPU.ActiveCfg = Release|iPhone
		{A28054F9-C665-4474-B1BF-158F000D47B0}.Release|Any CPU.Build.0 = Release|iPhone
		{A28054F9-C665-4474-B1BF-158F000D47B0}.Release|Any CPU.Deploy.0 = Release|iPhone
		{A28054F9-C665-4474-B1BF-158F000D47B0}.Release|ARM.ActiveCfg = Release|iPhone
		{A28054F9-C665-4474-B1BF-158F000D47B0}.Release|ARM.Build.0 = Release|iPhone
		{A28054F9-C665-4474-B1BF-158F000D47B0}.Release|ARM.Deploy.0 = Release|iPhone
		{A28054F9-C665-4474-B1BF-158F000D47B0}.Release|iPhone.ActiveCfg = Release|iPhone
		{A28054F9-C665-4474-B1BF-158F000D47B0}.Release|iPhone.Build.0 = Release|iPhone
		{A28054F9-C665-4474-B1BF-158F000D47B0}.Release|iPhone.Deploy.0 = Release|iPhone
		{A28054F9-C665-4474-B1BF-158F000D47B0}.Release|iPhoneSimulator.ActiveCfg = Release|iPhoneSimulator
		{A28054F9-C665-4474-B1BF-158F000D47B0}.Release|iPhoneSimulator.Build.0 = Release|iPhoneSimulator
		{A28054F9-C665-4474-B1BF-158F000D47B0}.Release|iPhoneSimulator.Deploy.0 = Release|iPhoneSimulator
		{A28054F9-C665-4474-B1BF-158F000D47B0}.Release|x64.ActiveCfg = Release|iPhone
		{A28054F9-C665-4474-B1BF-158F000D47B0}.Release|x64.Build.0 = Release|iPhone
		{A28054F9-C665-4474-B1BF-158F000D47B0}.Release|x64.Deploy.0 = Release|iPhone
		{A28054F9-C665-4474-B1BF-158F000D47B0}.Release|x86.ActiveCfg = Release|iPhone
		{A28054F9-C665-4474-B1BF-158F000D47B0}.Release|x86.Build.0 = Release|iPhone
		{A28054F9-C665-4474-B1BF-158F000D47B0}.Release|x86.Deploy.0 = Release|iPhone
		{E063A0F0-F04F-4342-ADBF-41BD3497DB57}.Ad-Hoc|Any CPU.ActiveCfg = Release|x86
		{E063A0F0-F04F-4342-ADBF-41BD3497DB57}.Ad-Hoc|Any CPU.Build.0 = Release|x86
		{E063A0F0-F04F-4342-ADBF-41BD3497DB57}.Ad-Hoc|Any CPU.Deploy.0 = Release|x86
		{E063A0F0-F04F-4342-ADBF-41BD3497DB57}.Ad-Hoc|ARM.ActiveCfg = Release|ARM
		{E063A0F0-F04F-4342-ADBF-41BD3497DB57}.Ad-Hoc|ARM.Build.0 = Release|ARM
		{E063A0F0-F04F-4342-ADBF-41BD3497DB57}.Ad-Hoc|ARM.Deploy.0 = Release|ARM
		{E063A0F0-F04F-4342-ADBF-41BD3497DB57}.Ad-Hoc|iPhone.ActiveCfg = Release|x86
		{E063A0F0-F04F-4342-ADBF-41BD3497DB57}.Ad-Hoc|iPhone.Build.0 = Release|x86
		{E063A0F0-F04F-4342-ADBF-41BD3497DB57}.Ad-Hoc|iPhone.Deploy.0 = Release|x86
		{E063A0F0-F04F-4342-ADBF-41BD3497DB57}.Ad-Hoc|iPhoneSimulator.ActiveCfg = Release|x86
		{E063A0F0-F04F-4342-ADBF-41BD3497DB57}.Ad-Hoc|iPhoneSimulator.Build.0 = Release|x86
		{E063A0F0-F04F-4342-ADBF-41BD3497DB57}.Ad-Hoc|iPhoneSimulator.Deploy.0 = Release|x86
		{E063A0F0-F04F-4342-ADBF-41BD3497DB57}.Ad-Hoc|x64.ActiveCfg = Release|x64
		{E063A0F0-F04F-4342-ADBF-41BD3497DB57}.Ad-Hoc|x64.Build.0 = Release|x64
		{E063A0F0-F04F-4342-ADBF-41BD3497DB57}.Ad-Hoc|x64.Deploy.0 = Release|x64
		{E063A0F0-F04F-4342-ADBF-41BD3497DB57}.Ad-Hoc|x86.ActiveCfg = Release|x86
		{E063A0F0-F04F-4342-ADBF-41BD3497DB57}.Ad-Hoc|x86.Build.0 = Release|x86
		{E063A0F0-F04F-4342-ADBF-41BD3497DB57}.Ad-Hoc|x86.Deploy.0 = Release|x86
		{E063A0F0-F04F-4342-ADBF-41BD3497DB57}.AppStore|Any CPU.ActiveCfg = Release|x86
		{E063A0F0-F04F-4342-ADBF-41BD3497DB57}.AppStore|Any CPU.Build.0 = Release|x86
		{E063A0F0-F04F-4342-ADBF-41BD3497DB57}.AppStore|Any CPU.Deploy.0 = Release|x86
		{E063A0F0-F04F-4342-ADBF-41BD3497DB57}.AppStore|ARM.ActiveCfg = Release|ARM
		{E063A0F0-F04F-4342-ADBF-41BD3497DB57}.AppStore|ARM.Build.0 = Release|ARM
		{E063A0F0-F04F-4342-ADBF-41BD3497DB57}.AppStore|ARM.Deploy.0 = Release|ARM
		{E063A0F0-F04F-4342-ADBF-41BD3497DB57}.AppStore|iPhone.ActiveCfg = Release|x86
		{E063A0F0-F04F-4342-ADBF-41BD3497DB57}.AppStore|iPhone.Build.0 = Release|x86
		{E063A0F0-F04F-4342-ADBF-41BD3497DB57}.AppStore|iPhone.Deploy.0 = Release|x86
		{E063A0F0-F04F-4342-ADBF-41BD3497DB57}.AppStore|iPhoneSimulator.ActiveCfg = Release|x86
		{E063A0F0-F04F-4342-ADBF-41BD3497DB57}.AppStore|iPhoneSimulator.Build.0 = Release|x86
		{E063A0F0-F04F-4342-ADBF-41BD3497DB57}.AppStore|iPhoneSimulator.Deploy.0 = Release|x86
		{E063A0F0-F04F-4342-ADBF-41BD3497DB57}.AppStore|x64.ActiveCfg = Release|x64
		{E063A0F0-F04F-4342-ADBF-41BD3497DB57}.AppStore|x64.Build.0 = Release|x64
		{E063A0F0-F04F-4342-ADBF-41BD3497DB57}.AppStore|x64.Deploy.0 = Release|x64
		{E063A0F0-F04F-4342-ADBF-41BD3497DB57}.AppStore|x86.ActiveCfg = Release|x86
		{E063A0F0-F04F-4342-ADBF-41BD3497DB57}.AppStore|x86.Build.0 = Release|x86
		{E063A0F0-F04F-4342-ADBF-41BD3497DB57}.AppStore|x86.Deploy.0 = Release|x86
		{E063A0F0-F04F-4342-ADBF-41BD3497DB57}.Debug|Any CPU.ActiveCfg = Debug|x86
		{E063A0F0-F04F-4342-ADBF-41BD3497DB57}.Debug|Any CPU.Build.0 = Debug|x86
		{E063A0F0-F04F-4342-ADBF-41BD3497DB57}.Debug|Any CPU.Deploy.0 = Debug|x86
		{E063A0F0-F04F-4342-ADBF-41BD3497DB57}.Debug|ARM.ActiveCfg = Debug|ARM
		{E063A0F0-F04F-4342-ADBF-41BD3497DB57}.Debug|ARM.Build.0 = Debug|ARM
		{E063A0F0-F04F-4342-ADBF-41BD3497DB57}.Debug|ARM.Deploy.0 = Debug|ARM
		{E063A0F0-F04F-4342-ADBF-41BD3497DB57}.Debug|iPhone.ActiveCfg = Debug|x86
		{E063A0F0-F04F-4342-ADBF-41BD3497DB57}.Debug|iPhone.Build.0 = Debug|x86
		{E063A0F0-F04F-4342-ADBF-41BD3497DB57}.Debug|iPhone.Deploy.0 = Debug|x86
		{E063A0F0-F04F-4342-ADBF-41BD3497DB57}.Debug|iPhoneSimulator.ActiveCfg = Debug|x86
		{E063A0F0-F04F-4342-ADBF-41BD3497DB57}.Debug|iPhoneSimulator.Build.0 = Debug|x86
		{E063A0F0-F04F-4342-ADBF-41BD3497DB57}.Debug|iPhoneSimulator.Deploy.0 = Debug|x86
		{E063A0F0-F04F-4342-ADBF-41BD3497DB57}.Debug|x64.ActiveCfg = Debug|x64
		{E063A0F0-F04F-4342-ADBF-41BD3497DB57}.Debug|x64.Build.0 = Debug|x64
		{E063A0F0-F04F-4342-ADBF-41BD3497DB57}.Debug|x64.Deploy.0 = Debug|x64
		{E063A0F0-F04F-4342-ADBF-41BD3497DB57}.Debug|x86.ActiveCfg = Debug|x86
		{E063A0F0-F04F-4342-ADBF-41BD3497DB57}.Debug|x86.Build.0 = Debug|x86
		{E063A0F0-F04F-4342-ADBF-41BD3497DB57}.Debug|x86.Deploy.0 = Debug|x86
		{E063A0F0-F04F-4342-ADBF-41BD3497DB57}.Release|Any CPU.ActiveCfg = Release|x86
		{E063A0F0-F04F-4342-ADBF-41BD3497DB57}.Release|Any CPU.Build.0 = Release|x86
		{E063A0F0-F04F-4342-ADBF-41BD3497DB57}.Release|Any CPU.Deploy.0 = Release|x86
		{E063A0F0-F04F-4342-ADBF-41BD3497DB57}.Release|ARM.ActiveCfg = Release|ARM
		{E063A0F0-F04F-4342-ADBF-41BD3497DB57}.Release|ARM.Build.0 = Release|ARM
		{E063A0F0-F04F-4342-ADBF-41BD3497DB57}.Release|ARM.Deploy.0 = Release|ARM
		{E063A0F0-F04F-4342-ADBF-41BD3497DB57}.Release|iPhone.ActiveCfg = Release|x86
		{E063A0F0-F04F-4342-ADBF-41BD3497DB57}.Release|iPhone.Build.0 = Release|x86
		{E063A0F0-F04F-4342-ADBF-41BD3497DB57}.Release|iPhone.Deploy.0 = Release|x86
		{E063A0F0-F04F-4342-ADBF-41BD3497DB57}.Release|iPhoneSimulator.ActiveCfg = Release|x86
		{E063A0F0-F04F-4342-ADBF-41BD3497DB57}.Release|iPhoneSimulator.Build.0 = Release|x86
		{E063A0F0-F04F-4342-ADBF-41BD3497DB57}.Release|iPhoneSimulator.Deploy.0 = Release|x86
		{E063A0F0-F04F-4342-ADBF-41BD3497DB57}.Release|x64.ActiveCfg = Release|x64
		{E063A0F0-F04F-4342-ADBF-41BD3497DB57}.Release|x64.Build.0 = Release|x64
		{E063A0F0-F04F-4342-ADBF-41BD3497DB57}.Release|x64.Deploy.0 = Release|x64
		{E063A0F0-F04F-4342-ADBF-41BD3497DB57}.Release|x86.ActiveCfg = Release|x86
		{E063A0F0-F04F-4342-ADBF-41BD3497DB57}.Release|x86.Build.0 = Release|x86
		{E063A0F0-F04F-4342-ADBF-41BD3497DB57}.Release|x86.Deploy.0 = Release|x86
		{9AC04A71-F2D6-422C-9253-B6889558F42B}.Ad-Hoc|Any CPU.ActiveCfg = Debug|Any CPU
		{9AC04A71-F2D6-422C-9253-B6889558F42B}.Ad-Hoc|Any CPU.Build.0 = Debug|Any CPU
		{9AC04A71-F2D6-422C-9253-B6889558F42B}.Ad-Hoc|Any CPU.Deploy.0 = Debug|Any CPU
		{9AC04A71-F2D6-422C-9253-B6889558F42B}.Ad-Hoc|ARM.ActiveCfg = Debug|Any CPU
		{9AC04A71-F2D6-422C-9253-B6889558F42B}.Ad-Hoc|ARM.Build.0 = Debug|Any CPU
		{9AC04A71-F2D6-422C-9253-B6889558F42B}.Ad-Hoc|ARM.Deploy.0 = Debug|Any CPU
		{9AC04A71-F2D6-422C-9253-B6889558F42B}.Ad-Hoc|iPhone.ActiveCfg = Debug|Any CPU
		{9AC04A71-F2D6-422C-9253-B6889558F42B}.Ad-Hoc|iPhone.Build.0 = Debug|Any CPU
		{9AC04A71-F2D6-422C-9253-B6889558F42B}.Ad-Hoc|iPhone.Deploy.0 = Debug|Any CPU
		{9AC04A71-F2D6-422C-9253-B6889558F42B}.Ad-Hoc|iPhoneSimulator.ActiveCfg = Debug|Any CPU
		{9AC04A71-F2D6-422C-9253-B6889558F42B}.Ad-Hoc|iPhoneSimulator.Build.0 = Debug|Any CPU
		{9AC04A71-F2D6-422C-9253-B6889558F42B}.Ad-Hoc|iPhoneSimulator.Deploy.0 = Debug|Any CPU
		{9AC04A71-F2D6-422C-9253-B6889558F42B}.Ad-Hoc|x64.ActiveCfg = Debug|Any CPU
		{9AC04A71-F2D6-422C-9253-B6889558F42B}.Ad-Hoc|x64.Build.0 = Debug|Any CPU
		{9AC04A71-F2D6-422C-9253-B6889558F42B}.Ad-Hoc|x64.Deploy.0 = Debug|Any CPU
		{9AC04A71-F2D6-422C-9253-B6889558F42B}.Ad-Hoc|x86.ActiveCfg = Debug|Any CPU
		{9AC04A71-F2D6-422C-9253-B6889558F42B}.Ad-Hoc|x86.Build.0 = Debug|Any CPU
		{9AC04A71-F2D6-422C-9253-B6889558F42B}.Ad-Hoc|x86.Deploy.0 = Debug|Any CPU
		{9AC04A71-F2D6-422C-9253-B6889558F42B}.AppStore|Any CPU.ActiveCfg = Debug|Any CPU
		{9AC04A71-F2D6-422C-9253-B6889558F42B}.AppStore|Any CPU.Build.0 = Debug|Any CPU
		{9AC04A71-F2D6-422C-9253-B6889558F42B}.AppStore|Any CPU.Deploy.0 = Debug|Any CPU
		{9AC04A71-F2D6-422C-9253-B6889558F42B}.AppStore|ARM.ActiveCfg = Debug|Any CPU
		{9AC04A71-F2D6-422C-9253-B6889558F42B}.AppStore|ARM.Build.0 = Debug|Any CPU
		{9AC04A71-F2D6-422C-9253-B6889558F42B}.AppStore|ARM.Deploy.0 = Debug|Any CPU
		{9AC04A71-F2D6-422C-9253-B6889558F42B}.AppStore|iPhone.ActiveCfg = Debug|Any CPU
		{9AC04A71-F2D6-422C-9253-B6889558F42B}.AppStore|iPhone.Build.0 = Debug|Any CPU
		{9AC04A71-F2D6-422C-9253-B6889558F42B}.AppStore|iPhone.Deploy.0 = Debug|Any CPU
		{9AC04A71-F2D6-422C-9253-B6889558F42B}.AppStore|iPhoneSimulator.ActiveCfg = Debug|Any CPU
		{9AC04A71-F2D6-422C-9253-B6889558F42B}.AppStore|iPhoneSimulator.Build.0 = Debug|Any CPU
		{9AC04A71-F2D6-422C-9253-B6889558F42B}.AppStore|iPhoneSimulator.Deploy.0 = Debug|Any CPU
		{9AC04A71-F2D6-422C-9253-B6889558F42B}.AppStore|x64.ActiveCfg = Debug|Any CPU
		{9AC04A71-F2D6-422C-9253-B6889558F42B}.AppStore|x64.Build.0 = Debug|Any CPU
		{9AC04A71-F2D6-422C-9253-B6889558F42B}.AppStore|x64.Deploy.0 = Debug|Any CPU
		{9AC04A71-F2D6-422C-9253-B6889558F42B}.AppStore|x86.ActiveCfg = Debug|Any CPU
		{9AC04A71-F2D6-422C-9253-B6889558F42B}.AppStore|x86.Build.0 = Debug|Any CPU
		{9AC04A71-F2D6-422C-9253-B6889558F42B}.AppStore|x86.Deploy.0 = Debug|Any CPU
		{9AC04A71-F2D6-422C-9253-B6889558F42B}.Debug|Any CPU.ActiveCfg = Debug|Any CPU
		{9AC04A71-F2D6-422C-9253-B6889558F42B}.Debug|Any CPU.Build.0 = Debug|Any CPU
		{9AC04A71-F2D6-422C-9253-B6889558F42B}.Debug|Any CPU.Deploy.0 = Debug|Any CPU
		{9AC04A71-F2D6-422C-9253-B6889558F42B}.Debug|ARM.ActiveCfg = Debug|Any CPU
		{9AC04A71-F2D6-422C-9253-B6889558F42B}.Debug|ARM.Build.0 = Debug|Any CPU
		{9AC04A71-F2D6-422C-9253-B6889558F42B}.Debug|ARM.Deploy.0 = Debug|Any CPU
		{9AC04A71-F2D6-422C-9253-B6889558F42B}.Debug|iPhone.ActiveCfg = Debug|Any CPU
		{9AC04A71-F2D6-422C-9253-B6889558F42B}.Debug|iPhone.Build.0 = Debug|Any CPU
		{9AC04A71-F2D6-422C-9253-B6889558F42B}.Debug|iPhone.Deploy.0 = Debug|Any CPU
		{9AC04A71-F2D6-422C-9253-B6889558F42B}.Debug|iPhoneSimulator.ActiveCfg = Debug|Any CPU
		{9AC04A71-F2D6-422C-9253-B6889558F42B}.Debug|iPhoneSimulator.Build.0 = Debug|Any CPU
		{9AC04A71-F2D6-422C-9253-B6889558F42B}.Debug|iPhoneSimulator.Deploy.0 = Debug|Any CPU
		{9AC04A71-F2D6-422C-9253-B6889558F42B}.Debug|x64.ActiveCfg = Debug|Any CPU
		{9AC04A71-F2D6-422C-9253-B6889558F42B}.Debug|x64.Build.0 = Debug|Any CPU
		{9AC04A71-F2D6-422C-9253-B6889558F42B}.Debug|x64.Deploy.0 = Debug|Any CPU
		{9AC04A71-F2D6-422C-9253-B6889558F42B}.Debug|x86.ActiveCfg = Debug|Any CPU
		{9AC04A71-F2D6-422C-9253-B6889558F42B}.Debug|x86.Build.0 = Debug|Any CPU
		{9AC04A71-F2D6-422C-9253-B6889558F42B}.Debug|x86.Deploy.0 = Debug|Any CPU
		{9AC04A71-F2D6-422C-9253-B6889558F42B}.Release|Any CPU.ActiveCfg = Release|Any CPU
		{9AC04A71-F2D6-422C-9253-B6889558F42B}.Release|Any CPU.Build.0 = Release|Any CPU
		{9AC04A71-F2D6-422C-9253-B6889558F42B}.Release|Any CPU.Deploy.0 = Release|Any CPU
		{9AC04A71-F2D6-422C-9253-B6889558F42B}.Release|ARM.ActiveCfg = Release|Any CPU
		{9AC04A71-F2D6-422C-9253-B6889558F42B}.Release|ARM.Build.0 = Release|Any CPU
		{9AC04A71-F2D6-422C-9253-B6889558F42B}.Release|ARM.Deploy.0 = Release|Any CPU
		{9AC04A71-F2D6-422C-9253-B6889558F42B}.Release|iPhone.ActiveCfg = Release|Any CPU
		{9AC04A71-F2D6-422C-9253-B6889558F42B}.Release|iPhone.Build.0 = Release|Any CPU
		{9AC04A71-F2D6-422C-9253-B6889558F42B}.Release|iPhone.Deploy.0 = Release|Any CPU
		{9AC04A71-F2D6-422C-9253-B6889558F42B}.Release|iPhoneSimulator.ActiveCfg = Release|Any CPU
		{9AC04A71-F2D6-422C-9253-B6889558F42B}.Release|iPhoneSimulator.Build.0 = Release|Any CPU
		{9AC04A71-F2D6-422C-9253-B6889558F42B}.Release|iPhoneSimulator.Deploy.0 = Release|Any CPU
		{9AC04A71-F2D6-422C-9253-B6889558F42B}.Release|x64.ActiveCfg = Release|Any CPU
		{9AC04A71-F2D6-422C-9253-B6889558F42B}.Release|x64.Build.0 = Release|Any CPU
		{9AC04A71-F2D6-422C-9253-B6889558F42B}.Release|x64.Deploy.0 = Release|Any CPU
		{9AC04A71-F2D6-422C-9253-B6889558F42B}.Release|x86.ActiveCfg = Release|Any CPU
		{9AC04A71-F2D6-422C-9253-B6889558F42B}.Release|x86.Build.0 = Release|Any CPU
		{9AC04A71-F2D6-422C-9253-B6889558F42B}.Release|x86.Deploy.0 = Release|Any CPU
	EndGlobalSection
	GlobalSection(SolutionProperties) = preSolution
		HideSolutionNode = FALSE
	EndGlobalSection
	GlobalSection(ExtensibilityGlobals) = postSolution
		SolutionGuid = {94684F59-8EDD-409B-82F8-DBFACE3DE1B1}
	EndGlobalSection
EndGlobal
